
Microsoft Visual Studio Solution File, Format Version 12.00
# Visual Studio Version 17
VisualStudioVersion = 17.14.36414.22 d17.14
MinimumVisualStudioVersion = 10.0.40219.1
Project("{8BC9CEB8-8B4A-11D0-8D11-00A0C91BC942}") = "Exception", "Exception\Exception.vcxproj", "{64762D1D-C615-46C7-A035-1DA463FCA014}"
EndProject
Global
	GlobalSection(SolutionConfigurationPlatforms) = preSolution
		Debug|x64 = Debug|x64
		Debug|x86 = Debug|x86
		Release|x64 = Release|x64
		Release|x86 = Release|x86
	EndGlobalSection
	GlobalSection(ProjectConfigurationPlatforms) = postSolution
		{64762D1D-C615-46C7-A035-1DA463FCA014}.Debug|x64.ActiveCfg = Debug|x64
		{64762D1D-C615-46C7-A035-1DA463FCA014}.Debug|x64.Build.0 = Debug|x64
		{64762D1D-C615-46C7-A035-1DA463FCA014}.Debug|x86.ActiveCfg = Debug|Win32
		{64762D1D-C615-46C7-A035-1DA463FCA014}.Debug|x86.Build.0 = Debug|Win32
		{64762D1D-C615-46C7-A035-1DA463FCA014}.Release|x64.ActiveCfg = Release|x64
		{64762D1D-C615-46C7-A035-1DA463FCA014}.Release|x64.Build.0 = Release|x64
		{64762D1D-C615-46C7-A035-1DA463FCA014}.Release|x86.ActiveCfg = Release|Win32
		{64762D1D-C615-46C7-A035-1DA463FCA014}.Release|x86.Build.0 = Release|Win32
	EndGlobalSection
	GlobalSection(SolutionProperties) = preSolution
		HideSolutionNode = FALSE
	EndGlobalSection
	GlobalSection(ExtensibilityGlobals) = postSolution
		SolutionGuid = {C5B3861B-BD49-47A3-99CE-C0A47CE2AD45}
	EndGlobalSection
EndGlobal
